
Microsoft Visual Studio Solution File, Format Version 12.00
# Visual Studio Version 17
VisualStudioVersion = 17.5.33516.290
MinimumVisualStudioVersion = 10.0.40219.1
Project("{FAE04EC0-301F-11D3-BF4B-00C04F79EFBC}") = "PR06", "PR06\PR06.csproj", "{0B262164-B943-405F-A3DC-E73C2CB54AA0}"
EndProject
Global
	GlobalSection(SolutionConfigurationPlatforms) = preSolution
		Debug|Any CPU = Debug|Any CPU
		Release|Any CPU = Release|Any CPU
	EndGlobalSection
	GlobalSection(ProjectConfigurationPlatforms) = postSolution
		{0B262164-B943-405F-A3DC-E73C2CB54AA0}.Debug|Any CPU.ActiveCfg = Debug|Any CPU
		{0B262164-B943-405F-A3DC-E73C2CB54AA0}.Debug|Any CPU.Build.0 = Debug|Any CPU
		{0B262164-B943-405F-A3DC-E73C2CB54AA0}.Release|Any CPU.ActiveCfg = Release|Any CPU
		{0B262164-B943-405F-A3DC-E73C2CB54AA0}.Release|Any CPU.Build.0 = Release|Any CPU
	EndGlobalSection
	GlobalSection(SolutionProperties) = preSolution
		HideSolutionNode = FALSE
	EndGlobalSection
	GlobalSection(ExtensibilityGlobals) = postSolution
		SolutionGuid = {9979E727-5917-4BB9-9633-B1EAB31A03D2}
	EndGlobalSection
EndGlobal
